// !$*UTF8*$!
{
	archiveVersion = 1;
	classes = {
	};
	objectVersion = 56;
	objects = {

/* Begin PBXBuildFile section */
		B903C08A2C21100500378530 /* FrameworkDetailView.swift in Sources */ = {isa = PBXBuildFile; fileRef = B903C0892C21100500378530 /* FrameworkDetailView.swift */; };
		B903C08C2C21127B00378530 /* AFButton.swift in Sources */ = {isa = PBXBuildFile; fileRef = B903C08B2C21127B00378530 /* AFButton.swift */; };
		B903C08E2C211D3E00378530 /* FrameworkGridViewModel.swift in Sources */ = {isa = PBXBuildFile; fileRef = B903C08D2C211D3E00378530 /* FrameworkGridViewModel.swift */; };
		B92F4E4D2C21424C005D71D8 /* SafariView.swift in Sources */ = {isa = PBXBuildFile; fileRef = B92F4E4C2C21424C005D71D8 /* SafariView.swift */; };
		B92F4E4F2C216A89005D71D8 /* FrameworkTitleView.swift in Sources */ = {isa = PBXBuildFile; fileRef = B92F4E4E2C216A89005D71D8 /* FrameworkTitleView.swift */; };
		B92F4E512C216B3D005D71D8 /* XDismissButton.swift in Sources */ = {isa = PBXBuildFile; fileRef = B92F4E502C216B3D005D71D8 /* XDismissButton.swift */; };
		B993AAC92C201A1900A0500B /* FrameworkGridView.swift in Sources */ = {isa = PBXBuildFile; fileRef = B993AAC82C201A1900A0500B /* FrameworkGridView.swift */; };
		B9DE50B52C1D058E00C77C78 /* swiftui_frameworksApp.swift in Sources */ = {isa = PBXBuildFile; fileRef = B9DE50B42C1D058E00C77C78 /* swiftui_frameworksApp.swift */; };
		B9DE50B92C1D058F00C77C78 /* Assets.xcassets in Resources */ = {isa = PBXBuildFile; fileRef = B9DE50B82C1D058F00C77C78 /* Assets.xcassets */; };
		B9DE50BC2C1D058F00C77C78 /* Preview Assets.xcassets in Resources */ = {isa = PBXBuildFile; fileRef = B9DE50BB2C1D058F00C77C78 /* Preview Assets.xcassets */; };
		B9DE50C32C1D05EC00C77C78 /* framework.swift in Sources */ = {isa = PBXBuildFile; fileRef = B9DE50C22C1D05EC00C77C78 /* framework.swift */; };
/* End PBXBuildFile section */

/* Begin PBXFileReference section */
		B903C0892C21100500378530 /* FrameworkDetailView.swift */ = {isa = PBXFileReference; lastKnownFileType = sourcecode.swift; path = FrameworkDetailView.swift; sourceTree = "<group>"; };
		B903C08B2C21127B00378530 /* AFButton.swift */ = {isa = PBXFileReference; lastKnownFileType = sourcecode.swift; path = AFButton.swift; sourceTree = "<group>"; };
		B903C08D2C211D3E00378530 /* FrameworkGridViewModel.swift */ = {isa = PBXFileReference; lastKnownFileType = sourcecode.swift; path = FrameworkGridViewModel.swift; sourceTree = "<group>"; };
		B92F4E4C2C21424C005D71D8 /* SafariView.swift */ = {isa = PBXFileReference; lastKnownFileType = sourcecode.swift; path = SafariView.swift; sourceTree = "<group>"; };
		B92F4E4E2C216A89005D71D8 /* FrameworkTitleView.swift */ = {isa = PBXFileReference; lastKnownFileType = sourcecode.swift; path = FrameworkTitleView.swift; sourceTree = "<group>"; };
		B92F4E502C216B3D005D71D8 /* XDismissButton.swift */ = {isa = PBXFileReference; lastKnownFileType = sourcecode.swift; path = XDismissButton.swift; sourceTree = "<group>"; };
		B993AAC82C201A1900A0500B /* FrameworkGridView.swift */ = {isa = PBXFileReference; lastKnownFileType = sourcecode.swift; path = FrameworkGridView.swift; sourceTree = "<group>"; };
		B9DE50B12C1D058E00C77C78 /* swiftui-frameworks.app */ = {isa = PBXFileReference; explicitFileType = wrapper.application; includeInIndex = 0; path = "swiftui-frameworks.app"; sourceTree = BUILT_PRODUCTS_DIR; };
		B9DE50B42C1D058E00C77C78 /* swiftui_frameworksApp.swift */ = {isa = PBXFileReference; lastKnownFileType = sourcecode.swift; path = swiftui_frameworksApp.swift; sourceTree = "<group>"; };
		B9DE50B82C1D058F00C77C78 /* Assets.xcassets */ = {isa = PBXFileReference; lastKnownFileType = folder.assetcatalog; path = Assets.xcassets; sourceTree = "<group>"; };
		B9DE50BB2C1D058F00C77C78 /* Preview Assets.xcassets */ = {isa = PBXFileReference; lastKnownFileType = folder.assetcatalog; path = "Preview Assets.xcassets"; sourceTree = "<group>"; };
		B9DE50C22C1D05EC00C77C78 /* framework.swift */ = {isa = PBXFileReference; lastKnownFileType = sourcecode.swift; path = framework.swift; sourceTree = "<group>"; };
/* End PBXFileReference section */

/* Begin PBXFrameworksBuildPhase section */
		B9DE50AE2C1D058E00C77C78 /* Frameworks */ = {
			isa = PBXFrameworksBuildPhase;
			buildActionMask = 2147483647;
			files = (
			);
			runOnlyForDeploymentPostprocessing = 0;
		};
/* End PBXFrameworksBuildPhase section */

/* Begin PBXGroup section */
		B92F4E522C216C5E005D71D8 /* Screens */ = {
			isa = PBXGroup;
			children = (
				B92F4E532C216C6C005D71D8 /* FrameworkGridView */,
				B92F4E542C216C93005D71D8 /* FrameworkDetailView */,
			);
			path = Screens;
			sourceTree = "<group>";
		};
		B92F4E532C216C6C005D71D8 /* FrameworkGridView */ = {
			isa = PBXGroup;
			children = (
				B993AAC82C201A1900A0500B /* FrameworkGridView.swift */,
				B903C08D2C211D3E00378530 /* FrameworkGridViewModel.swift */,
			);
			path = FrameworkGridView;
			sourceTree = "<group>";
		};
		B92F4E542C216C93005D71D8 /* FrameworkDetailView */ = {
			isa = PBXGroup;
			children = (
				B903C0892C21100500378530 /* FrameworkDetailView.swift */,
			);
			path = FrameworkDetailView;
			sourceTree = "<group>";
		};
		B92F4E552C216CAB005D71D8 /* Model */ = {
			isa = PBXGroup;
			children = (
				B9DE50C22C1D05EC00C77C78 /* framework.swift */,
			);
			path = Model;
			sourceTree = "<group>";
		};
		B92F4E572C216CC8005D71D8 /* Views */ = {
			isa = PBXGroup;
			children = (
				B92F4E592C216CE3005D71D8 /* View */,
				B92F4E582C216CCE005D71D8 /* Buttons */,
			);
			path = Views;
			sourceTree = "<group>";
		};
		B92F4E582C216CCE005D71D8 /* Buttons */ = {
			isa = PBXGroup;
			children = (
				B92F4E502C216B3D005D71D8 /* XDismissButton.swift */,
				B903C08B2C21127B00378530 /* AFButton.swift */,
			);
			path = Buttons;
			sourceTree = "<group>";
		};
		B92F4E592C216CE3005D71D8 /* View */ = {
			isa = PBXGroup;
			children = (
				B92F4E4E2C216A89005D71D8 /* FrameworkTitleView.swift */,
			);
			path = View;
			sourceTree = "<group>";
		};
		B92F4E5A2C216CEF005D71D8 /* UIKitComponents */ = {
			isa = PBXGroup;
			children = (
				B92F4E4C2C21424C005D71D8 /* SafariView.swift */,
			);
			path = UIKitComponents;
			sourceTree = "<group>";
		};
		B9DE50A82C1D058E00C77C78 = {
			isa = PBXGroup;
			children = (
				B9DE50B32C1D058E00C77C78 /* swiftui-frameworks */,
				B9DE50B22C1D058E00C77C78 /* Products */,
			);
			sourceTree = "<group>";
		};
		B9DE50B22C1D058E00C77C78 /* Products */ = {
			isa = PBXGroup;
			children = (
				B9DE50B12C1D058E00C77C78 /* swiftui-frameworks.app */,
			);
			name = Products;
			sourceTree = "<group>";
		};
		B9DE50B32C1D058E00C77C78 /* swiftui-frameworks */ = {
			isa = PBXGroup;
			children = (
				B92F4E5A2C216CEF005D71D8 /* UIKitComponents */,
				B92F4E572C216CC8005D71D8 /* Views */,
				B92F4E552C216CAB005D71D8 /* Model */,
				B92F4E522C216C5E005D71D8 /* Screens */,
				B9DE50B42C1D058E00C77C78 /* swiftui_frameworksApp.swift */,
				B9DE50B82C1D058F00C77C78 /* Assets.xcassets */,
				B9DE50BA2C1D058F00C77C78 /* Preview Content */,
			);
			path = "swiftui-frameworks";
			sourceTree = "<group>";
		};
		B9DE50BA2C1D058F00C77C78 /* Preview Content */ = {
			isa = PBXGroup;
			children = (
				B9DE50BB2C1D058F00C77C78 /* Preview Assets.xcassets */,
			);
			path = "Preview Content";
			sourceTree = "<group>";
		};
/* End PBXGroup section */

/* Begin PBXNativeTarget section */
		B9DE50B02C1D058E00C77C78 /* swiftui-frameworks */ = {
			isa = PBXNativeTarget;
			buildConfigurationList = B9DE50BF2C1D058F00C77C78 /* Build configuration list for PBXNativeTarget "swiftui-frameworks" */;
			buildPhases = (
				B9DE50AD2C1D058E00C77C78 /* Sources */,
				B9DE50AE2C1D058E00C77C78 /* Frameworks */,
				B9DE50AF2C1D058E00C77C78 /* Resources */,
			);
			buildRules = (
			);
			dependencies = (
			);
			name = "swiftui-frameworks";
			productName = "swiftui-frameworks";
			productReference = B9DE50B12C1D058E00C77C78 /* swiftui-frameworks.app */;
			productType = "com.apple.product-type.application";
		};
/* End PBXNativeTarget section */

/* Begin PBXProject section */
		B9DE50A92C1D058E00C77C78 /* Project object */ = {
			isa = PBXProject;
			attributes = {
				BuildIndependentTargetsInParallel = 1;
				LastSwiftUpdateCheck = 1540;
				LastUpgradeCheck = 1540;
				TargetAttributes = {
					B9DE50B02C1D058E00C77C78 = {
						CreatedOnToolsVersion = 15.4;
					};
				};
			};
			buildConfigurationList = B9DE50AC2C1D058E00C77C78 /* Build configuration list for PBXProject "swiftui-frameworks" */;
			compatibilityVersion = "Xcode 14.0";
			developmentRegion = en;
			hasScannedForEncodings = 0;
			knownRegions = (
				en,
				Base,
			);
			mainGroup = B9DE50A82C1D058E00C77C78;
			productRefGroup = B9DE50B22C1D058E00C77C78 /* Products */;
			projectDirPath = "";
			projectRoot = "";
			targets = (
				B9DE50B02C1D058E00C77C78 /* swiftui-frameworks */,
			);
		};
/* End PBXProject section */

/* Begin PBXResourcesBuildPhase section */
		B9DE50AF2C1D058E00C77C78 /* Resources */ = {
			isa = PBXResourcesBuildPhase;
			buildActionMask = 2147483647;
			files = (
				B9DE50BC2C1D058F00C77C78 /* Preview Assets.xcassets in Resources */,
				B9DE50B92C1D058F00C77C78 /* Assets.xcassets in Resources */,
			);
			runOnlyForDeploymentPostprocessing = 0;
		};
/* End PBXResourcesBuildPhase section */

/* Begin PBXSourcesBuildPhase section */
		B9DE50AD2C1D058E00C77C78 /* Sources */ = {
			isa = PBXSourcesBuildPhase;
			buildActionMask = 2147483647;
			files = (
				B903C08A2C21100500378530 /* FrameworkDetailView.swift in Sources */,
				B993AAC92C201A1900A0500B /* FrameworkGridView.swift in Sources */,
				B92F4E512C216B3D005D71D8 /* XDismissButton.swift in Sources */,
				B9DE50C32C1D05EC00C77C78 /* framework.swift in Sources */,
				B903C08C2C21127B00378530 /* AFButton.swift in Sources */,
				B9DE50B52C1D058E00C77C78 /* swiftui_frameworksApp.swift in Sources */,
				B903C08E2C211D3E00378530 /* FrameworkGridViewModel.swift in Sources */,
				B92F4E4F2C216A89005D71D8 /* FrameworkTitleView.swift in Sources */,
				B92F4E4D2C21424C005D71D8 /* SafariView.swift in Sources */,
			);
			runOnlyForDeploymentPostprocessing = 0;
		};
/* End PBXSourcesBuildPhase section */

/* Begin XCBuildConfiguration section */
		B9DE50BD2C1D058F00C77C78 /* Debug */ = {
			isa = XCBuildConfiguration;
			buildSettings = {
				ALWAYS_SEARCH_USER_PATHS = NO;
				ASSETCATALOG_COMPILER_GENERATE_SWIFT_ASSET_SYMBOL_EXTENSIONS = YES;
				CLANG_ANALYZER_NONNULL = YES;
				CLANG_ANALYZER_NUMBER_OBJECT_CONVERSION = YES_AGGRESSIVE;
				CLANG_CXX_LANGUAGE_STANDARD = "gnu++20";
				CLANG_ENABLE_MODULES = YES;
				CLANG_ENABLE_OBJC_ARC = YES;
				CLANG_ENABLE_OBJC_WEAK = YES;
				CLANG_WARN_BLOCK_CAPTURE_AUTORELEASING = YES;
				CLANG_WARN_BOOL_CONVERSION = YES;
				CLANG_WARN_COMMA = YES;
				CLANG_WARN_CONSTANT_CONVERSION = YES;
				CLANG_WARN_DEPRECATED_OBJC_IMPLEMENTATIONS = YES;
				CLANG_WARN_DIRECT_OBJC_ISA_USAGE = YES_ERROR;
				CLANG_WARN_DOCUMENTATION_COMMENTS = YES;
				CLANG_WARN_EMPTY_BODY = YES;
				CLANG_WARN_ENUM_CONVERSION = YES;
				CLANG_WARN_INFINITE_RECURSION = YES;
				CLANG_WARN_INT_CONVERSION = YES;
				CLANG_WARN_NON_LITERAL_NULL_CONVERSION = YES;
				CLANG_WARN_OBJC_IMPLICIT_RETAIN_SELF = YES;
				CLANG_WARN_OBJC_LITERAL_CONVERSION = YES;
				CLANG_WARN_OBJC_ROOT_CLASS = YES_ERROR;
				CLANG_WARN_QUOTED_INCLUDE_IN_FRAMEWORK_HEADER = YES;
				CLANG_WARN_RANGE_LOOP_ANALYSIS = YES;
				CLANG_WARN_STRICT_PROTOTYPES = YES;
				CLANG_WARN_SUSPICIOUS_MOVE = YES;
				CLANG_WARN_UNGUARDED_AVAILABILITY = YES_AGGRESSIVE;
				CLANG_WARN_UNREACHABLE_CODE = YES;
				CLANG_WARN__DUPLICATE_METHOD_MATCH = YES;
				COPY_PHASE_STRIP = NO;
				DEBUG_INFORMATION_FORMAT = dwarf;
				ENABLE_STRICT_OBJC_MSGSEND = YES;
				ENABLE_TESTABILITY = YES;
				ENABLE_USER_SCRIPT_SANDBOXING = YES;
				GCC_C_LANGUAGE_STANDARD = gnu17;
				GCC_DYNAMIC_NO_PIC = NO;
				GCC_NO_COMMON_BLOCKS = YES;
				GCC_OPTIMIZATION_LEVEL = 0;
				GCC_PREPROCESSOR_DEFINITIONS = (
					"DEBUG=1",
					"$(inherited)",
				);
				GCC_WARN_64_TO_32_BIT_CONVERSION = YES;
				GCC_WARN_ABOUT_RETURN_TYPE = YES_ERROR;
				GCC_WARN_UNDECLARED_SELECTOR = YES;
				GCC_WARN_UNINITIALIZED_AUTOS = YES_AGGRESSIVE;
				GCC_WARN_UNUSED_FUNCTION = YES;
				GCC_WARN_UNUSED_VARIABLE = YES;
				IPHONEOS_DEPLOYMENT_TARGET = 17.5;
				LOCALIZATION_PREFERS_STRING_CATALOGS = YES;
				MTL_ENABLE_DEBUG_INFO = INCLUDE_SOURCE;
				MTL_FAST_MATH = YES;
				ONLY_ACTIVE_ARCH = YES;
				SDKROOT = iphoneos;
				SWIFT_ACTIVE_COMPILATION_CONDITIONS = "DEBUG $(inherited)";
				SWIFT_OPTIMIZATION_LEVEL = "-Onone";
			};
			name = Debug;
		};
		B9DE50BE2C1D058F00C77C78 /* Release */ = {
			isa = XCBuildConfiguration;
			buildSettings = {
				ALWAYS_SEARCH_USER_PATHS = NO;
				ASSETCATALOG_COMPILER_GENERATE_SWIFT_ASSET_SYMBOL_EXTENSIONS = YES;
				CLANG_ANALYZER_NONNULL = YES;
				CLANG_ANALYZER_NUMBER_OBJECT_CONVERSION = YES_AGGRESSIVE;
				CLANG_CXX_LANGUAGE_STANDARD = "gnu++20";
				CLANG_ENABLE_MODULES = YES;
				CLANG_ENABLE_OBJC_ARC = YES;
				CLANG_ENABLE_OBJC_WEAK = YES;
				CLANG_WARN_BLOCK_CAPTURE_AUTORELEASING = YES;
				CLANG_WARN_BOOL_CONVERSION = YES;
				CLANG_WARN_COMMA = YES;
				CLANG_WARN_CONSTANT_CONVERSION = YES;
				CLANG_WARN_DEPRECATED_OBJC_IMPLEMENTATIONS = YES;
				CLANG_WARN_DIRECT_OBJC_ISA_USAGE = YES_ERROR;
				CLANG_WARN_DOCUMENTATION_COMMENTS = YES;
				CLANG_WARN_EMPTY_BODY = YES;
				CLANG_WARN_ENUM_CONVERSION = YES;
				CLANG_WARN_INFINITE_RECURSION = YES;
				CLANG_WARN_INT_CONVERSION = YES;
				CLANG_WARN_NON_LITERAL_NULL_CONVERSION = YES;
				CLANG_WARN_OBJC_IMPLICIT_RETAIN_SELF = YES;
				CLANG_WARN_OBJC_LITERAL_CONVERSION = YES;
				CLANG_WARN_OBJC_ROOT_CLASS = YES_ERROR;
				CLANG_WARN_QUOTED_INCLUDE_IN_FRAMEWORK_HEADER = YES;
				CLANG_WARN_RANGE_LOOP_ANALYSIS = YES;
				CLANG_WARN_STRICT_PROTOTYPES = YES;
				CLANG_WARN_SUSPICIOUS_MOVE = YES;
				CLANG_WARN_UNGUARDED_AVAILABILITY = YES_AGGRESSIVE;
				CLANG_WARN_UNREACHABLE_CODE = YES;
				CLANG_WARN__DUPLICATE_METHOD_MATCH = YES;
				COPY_PHASE_STRIP = NO;
				DEBUG_INFORMATION_FORMAT = "dwarf-with-dsym";
				ENABLE_NS_ASSERTIONS = NO;
				ENABLE_STRICT_OBJC_MSGSEND = YES;
				ENABLE_USER_SCRIPT_SANDBOXING = YES;
				GCC_C_LANGUAGE_STANDARD = gnu17;
				GCC_NO_COMMON_BLOCKS = YES;
				GCC_WARN_64_TO_32_BIT_CONVERSION = YES;
				GCC_WARN_ABOUT_RETURN_TYPE = YES_ERROR;
				GCC_WARN_UNDECLARED_SELECTOR = YES;
				GCC_WARN_UNINITIALIZED_AUTOS = YES_AGGRESSIVE;
				GCC_WARN_UNUSED_FUNCTION = YES;
				GCC_WARN_UNUSED_VARIABLE = YES;
				IPHONEOS_DEPLOYMENT_TARGET = 17.5;
				LOCALIZATION_PREFERS_STRING_CATALOGS = YES;
				MTL_ENABLE_DEBUG_INFO = NO;
				MTL_FAST_MATH = YES;
				SDKROOT = iphoneos;
				SWIFT_COMPILATION_MODE = wholemodule;
				VALIDATE_PRODUCT = YES;
			};
			name = Release;
		};
		B9DE50C02C1D058F00C77C78 /* Debug */ = {
			isa = XCBuildConfiguration;
			buildSettings = {
				ASSETCATALOG_COMPILER_APPICON_NAME = AppIcon;
				ASSETCATALOG_COMPILER_GLOBAL_ACCENT_COLOR_NAME = AccentColor;
				CODE_SIGN_STYLE = Automatic;
				CURRENT_PROJECT_VERSION = 1;
				DEVELOPMENT_ASSET_PATHS = "\"swiftui-frameworks/Preview Content\"";
				ENABLE_PREVIEWS = YES;
				GENERATE_INFOPLIST_FILE = YES;
				INFOPLIST_KEY_UIApplicationSceneManifest_Generation = YES;
				INFOPLIST_KEY_UIApplicationSupportsIndirectInputEvents = YES;
				INFOPLIST_KEY_UILaunchScreen_Generation = YES;
				INFOPLIST_KEY_UISupportedInterfaceOrientations_iPad = "UIInterfaceOrientationPortrait UIInterfaceOrientationPortraitUpsideDown UIInterfaceOrientationLandscapeLeft UIInterfaceOrientationLandscapeRight";
				INFOPLIST_KEY_UISupportedInterfaceOrientations_iPhone = "UIInterfaceOrientationPortrait UIInterfaceOrientationLandscapeLeft UIInterfaceOrientationLandscapeRight";
				LD_RUNPATH_SEARCH_PATHS = (
					"$(inherited)",
					"@executable_path/Frameworks",
				);
				MARKETING_VERSION = 1.0;
				PRODUCT_BUNDLE_IDENTIFIER = "com.constsalvador.swiftui-frameworks";
				PRODUCT_NAME = "$(TARGET_NAME)";
				SWIFT_EMIT_LOC_STRINGS = YES;
				SWIFT_VERSION = 5.0;
				TARGETED_DEVICE_FAMILY = "1,2";
			};
			name = Debug;
		};
		B9DE50C12C1D058F00C77C78 /* Release */ = {
			isa = XCBuildConfiguration;
			buildSettings = {
				ASSETCATALOG_COMPILER_APPICON_NAME = AppIcon;
				ASSETCATALOG_COMPILER_GLOBAL_ACCENT_COLOR_NAME = AccentColor;
				CODE_SIGN_STYLE = Automatic;
				CURRENT_PROJECT_VERSION = 1;
				DEVELOPMENT_ASSET_PATHS = "\"swiftui-frameworks/Preview Content\"";
				ENABLE_PREVIEWS = YES;
				GENERATE_INFOPLIST_FILE = YES;
				INFOPLIST_KEY_UIApplicationSceneManifest_Generation = YES;
				INFOPLIST_KEY_UIApplicationSupportsIndirectInputEvents = YES;
				INFOPLIST_KEY_UILaunchScreen_Generation = YES;
				INFOPLIST_KEY_UISupportedInterfaceOrientations_iPad = "UIInterfaceOrientationPortrait UIInterfaceOrientationPortraitUpsideDown UIInterfaceOrientationLandscapeLeft UIInterfaceOrientationLandscapeRight";
				INFOPLIST_KEY_UISupportedInterfaceOrientations_iPhone = "UIInterfaceOrientationPortrait UIInterfaceOrientationLandscapeLeft UIInterfaceOrientationLandscapeRight";
				LD_RUNPATH_SEARCH_PATHS = (
					"$(inherited)",
					"@executable_path/Frameworks",
				);
				MARKETING_VERSION = 1.0;
				PRODUCT_BUNDLE_IDENTIFIER = "com.constsalvador.swiftui-frameworks";
				PRODUCT_NAME = "$(TARGET_NAME)";
				SWIFT_EMIT_LOC_STRINGS = YES;
				SWIFT_VERSION = 5.0;
				TARGETED_DEVICE_FAMILY = "1,2";
			};
			name = Release;
		};
/* End XCBuildConfiguration section */

/* Begin XCConfigurationList section */
		B9DE50AC2C1D058E00C77C78 /* Build configuration list for PBXProject "swiftui-frameworks" */ = {
			isa = XCConfigurationList;
			buildConfigurations = (
				B9DE50BD2C1D058F00C77C78 /* Debug */,
				B9DE50BE2C1D058F00C77C78 /* Release */,
			);
			defaultConfigurationIsVisible = 0;
			defaultConfigurationName = Release;
		};
		B9DE50BF2C1D058F00C77C78 /* Build configuration list for PBXNativeTarget "swiftui-frameworks" */ = {
			isa = XCConfigurationList;
			buildConfigurations = (
				B9DE50C02C1D058F00C77C78 /* Debug */,
				B9DE50C12C1D058F00C77C78 /* Release */,
			);
			defaultConfigurationIsVisible = 0;
			defaultConfigurationName = Release;
		};
/* End XCConfigurationList section */
	};
	rootObject = B9DE50A92C1D058E00C77C78 /* Project object */;
}
